Microsoft Visual Studio Solution File, Format Version 12.00
# Visual Studio Version 17
VisualStudioVersion = 17.13.35931.197
MinimumVisualStudioVersion = 10.0.40219.1
Project("{FAE04EC0-301F-11D3-BF4B-00C04F79EFBC}") = "MyPersonalBudgetAPI", "MyPersonalBudgetAPI\MyPersonalBudgetAPI.csproj", "{9800A4D3-4983-4645-B45E-AA01D2E03B1C}"
EndProject
Global
	GlobalSection(SolutionConfigurationPlatforms) = preSolution
		Debug|Any CPU = Debug|Any CPU
		Release|Any CPU = Release|Any CPU
	EndGlobalSection
	GlobalSection(ProjectConfigurationPlatforms) = postSolution
		{9800A4D3-4983-4645-B45E-AA01D2E03B1C}.Debug|Any CPU.ActiveCfg = Debug|Any CPU
		{9800A4D3-4983-4645-B45E-AA01D2E03B1C}.Debug|Any CPU.Build.0 = Debug|Any CPU
		{9800A4D3-4983-4645-B45E-AA01D2E03B1C}.Release|Any CPU.ActiveCfg = Release|Any CPU
		{9800A4D3-4983-4645-B45E-AA01D2E03B1C}.Release|Any CPU.Build.0 = Release|Any CPU
	EndGlobalSection
	GlobalSection(SolutionProperties) = preSolution
		HideSolutionNode = FALSE
	EndGlobalSection
	GlobalSection(ExtensibilityGlobals) = postSolution
		SolutionGuid = {CC54EEF8-ACC5-4A84-84E2-18D910C0E7AD}
	EndGlobalSection
EndGlobal
